
Microsoft Visual Studio Solution File, Format Version 11.00
# Visual Studio 2010
Project("{8BC9CEB8-8B4A-11D0-8D11-00A0C91BC942}") = "Gowell", "GoWell\GoWell.vcxproj", "{4FF75BFF-6846-488E-9C7B-BC873223DDB3}"
EndProject
Project("{8BC9CEB8-8B4A-11D0-8D11-00A0C91BC942}") = "GoWellPS", "GoWell\GoWellPS.vcxproj", "{FEE2A29B-DDEE-422C-8A4C-190182A3C09F}"
	ProjectSection(ProjectDependencies) = postProject
		{4FF75BFF-6846-488E-9C7B-BC873223DDB3} = {4FF75BFF-6846-488E-9C7B-BC873223DDB3}
	EndProjectSection
EndProject
Project("{2150E333-8FDC-42A3-9474-1A3956D46DE8}") = "Solution Items", "Solution Items", "{2313ABBB-7EC2-4724-8660-75B4E1E2E8C5}"
	ProjectSection(SolutionItems) = preProject
		CreationDescription.html = CreationDescription.html
		gowell_setup.iss = gowell_setup.iss
		testchat.js = testchat.js
	EndProjectSection
EndProject
Global
	GlobalSection(SolutionConfigurationPlatforms) = preSolution
		Debug|Win32 = Debug|Win32
		Release|Win32 = Release|Win32
	EndGlobalSection
	GlobalSection(ProjectConfigurationPlatforms) = postSolution
		{4FF75BFF-6846-488E-9C7B-BC873223DDB3}.Debug|Win32.ActiveCfg = Debug|Win32
		{4FF75BFF-6846-488E-9C7B-BC873223DDB3}.Debug|Win32.Build.0 = Debug|Win32
		{4FF75BFF-6846-488E-9C7B-BC873223DDB3}.Release|Win32.ActiveCfg = Release|Win32
		{4FF75BFF-6846-488E-9C7B-BC873223DDB3}.Release|Win32.Build.0 = Release|Win32
		{FEE2A29B-DDEE-422C-8A4C-190182A3C09F}.Debug|Win32.ActiveCfg = Debug|Win32
		{FEE2A29B-DDEE-422C-8A4C-190182A3C09F}.Release|Win32.ActiveCfg = Release|Win32
	EndGlobalSection
	GlobalSection(SolutionProperties) = preSolution
		HideSolutionNode = FALSE
	EndGlobalSection
EndGlobal
