<?xml version="1.0" encoding="utf-8"?>
<Project ToolsVersion="4.0" xmlns="http://schemas.microsoft.com/developer/msbuild/2003">
  <ItemGroup>
    <Filter Include="Source Files">
      <UniqueIdentifier>{ed31a1e1-bafa-4a48-b42f-db77690b55f6}</UniqueIdentifier>
    </Filter>
    <Filter Include="Generated Files">
      <UniqueIdentifier>{b429d009-a79b-4b07-ab08-7928ff9fe826}</UniqueIdentifier>
      <SourceControlFiles>False</SourceControlFiles>
    </Filter>
  </ItemGroup>
  <ItemGroup>
    <None Include="GoWellps.def" />
  </ItemGroup>
  <ItemGroup>
    <ClCompile Include="GoWell_i.c">
      <Filter>Generated Files</Filter>
    </ClCompile>
    <ClCompile Include="GoWell_p.c">
      <Filter>Generated Files</Filter>
    </ClCompile>
    <ClCompile Include="dlldata.c">
      <Filter>Generated Files</Filter>
    </ClCompile>
  </ItemGroup>
</Project>